
Microsoft Visual Studio Solution File, Format Version 12.00
# Visual Studio Version 17
VisualStudioVersion = 17.7.34009.444
MinimumVisualStudioVersion = 10.0.40219.1
Project("{FAE04EC0-301F-11D3-BF4B-00C04F79EFBC}") = "Movie_Management", "Movie_Management\Movie_Management.csproj", "{171084BC-DE12-4C10-AC70-DABBF4AFE91B}"
EndProject
Global
	GlobalSection(SolutionConfigurationPlatforms) = preSolution
		Debug|Any CPU = Debug|Any CPU
		Release|Any CPU = Release|Any CPU
	EndGlobalSection
	GlobalSection(ProjectConfigurationPlatforms) = postSolution
		{171084BC-DE12-4C10-AC70-DABBF4AFE91B}.Debug|Any CPU.ActiveCfg = Debug|Any CPU
		{171084BC-DE12-4C10-AC70-DABBF4AFE91B}.Debug|Any CPU.Build.0 = Debug|Any CPU
		{171084BC-DE12-4C10-AC70-DABBF4AFE91B}.Release|Any CPU.ActiveCfg = Release|Any CPU
		{171084BC-DE12-4C10-AC70-DABBF4AFE91B}.Release|Any CPU.Build.0 = Release|Any CPU
	EndGlobalSection
	GlobalSection(SolutionProperties) = preSolution
		HideSolutionNode = FALSE
	EndGlobalSection
	GlobalSection(ExtensibilityGlobals) = postSolution
		SolutionGuid = {10D19297-7F1D-436D-9618-F333ABA44F52}
	EndGlobalSection
EndGlobal
